// !$*UTF8*$!
{
	archiveVersion = 1;
	classes = {
	};
	objectVersion = 48;
	objects = {

/* Begin PBXBuildFile section */
		F15149311FB122DA00FB07A8 /* AppDelegate.swift in Sources */ = {isa = PBXBuildFile; fileRef = F15149301FB122DA00FB07A8 /* AppDelegate.swift */; };
		F15149331FB122DA00FB07A8 /* ViewController.swift in Sources */ = {isa = PBXBuildFile; fileRef = F15149321FB122DA00FB07A8 /* ViewController.swift */; };
		F15149361FB122DA00FB07A8 /* Main.storyboard in Resources */ = {isa = PBXBuildFile; fileRef = F15149341FB122DA00FB07A8 /* Main.storyboard */; };
		F15149381FB122DA00FB07A8 /* Assets.xcassets in Resources */ = {isa = PBXBuildFile; fileRef = F15149371FB122DA00FB07A8 /* Assets.xcassets */; };
		F151493B1FB122DA00FB07A8 /* LaunchScreen.storyboard in Resources */ = {isa = PBXBuildFile; fileRef = F15149391FB122DA00FB07A8 /* LaunchScreen.storyboard */; };
		F15149511FB237A200FB07A8 /* SumerianConnector.swift in Sources */ = {isa = PBXBuildFile; fileRef = F15149501FB237A200FB07A8 /* SumerianConnector.swift */; };
/* End PBXBuildFile section */

/* Begin PBXFileReference section */
		F151492D1FB122DA00FB07A8 /* SumerianARKitStarter.app */ = {isa = PBXFileReference; explicitFileType = wrapper.application; includeInIndex = 0; path = SumerianARKitStarter.app; sourceTree = BUILT_PRODUCTS_DIR; };
		F15149301FB122DA00FB07A8 /* AppDelegate.swift */ = {isa = PBXFileReference; lastKnownFileType = sourcecode.swift; path = AppDelegate.swift; sourceTree = "<group>"; };
		F15149321FB122DA00FB07A8 /* ViewController.swift */ = {isa = PBXFileReference; lastKnownFileType = sourcecode.swift; path = ViewController.swift; sourceTree = "<group>"; };
		F15149351FB122DA00FB07A8 /* Base */ = {isa = PBXFileReference; lastKnownFileType = file.storyboard; name = Base; path = Base.lproj/Main.storyboard; sourceTree = "<group>"; };
		F15149371FB122DA00FB07A8 /* Assets.xcassets */ = {isa = PBXFileReference; lastKnownFileType = folder.assetcatalog; path = Assets.xcassets; sourceTree = "<group>"; };
		F151493A1FB122DA00FB07A8 /* Base */ = {isa = PBXFileReference; lastKnownFileType = file.storyboard; name = Base; path = Base.lproj/LaunchScreen.storyboard; sourceTree = "<group>"; };
		F151493C1FB122DA00FB07A8 /* Info.plist */ = {isa = PBXFileReference; lastKnownFileType = text.plist.xml; path = Info.plist; sourceTree = "<group>"; };
		F15149501FB237A200FB07A8 /* SumerianConnector.swift */ = {isa = PBXFileReference; lastKnownFileType = sourcecode.swift; path = SumerianConnector.swift; sourceTree = "<group>"; };
/* End PBXFileReference section */

/* Begin PBXFrameworksBuildPhase section */
		F151492A1FB122DA00FB07A8 /* Frameworks */ = {
			isa = PBXFrameworksBuildPhase;
			buildActionMask = 2147483647;
			files = (
			);
			runOnlyForDeploymentPostprocessing = 0;
		};
/* End PBXFrameworksBuildPhase section */

/* Begin PBXGroup section */
		F15149241FB122DA00FB07A8 = {
			isa = PBXGroup;
			children = (
				F151492F1FB122DA00FB07A8 /* SumerianARKitStarter */,
				F151492E1FB122DA00FB07A8 /* Products */,
			);
			sourceTree = "<group>";
		};
		F151492E1FB122DA00FB07A8 /* Products */ = {
			isa = PBXGroup;
			children = (
				F151492D1FB122DA00FB07A8 /* SumerianARKitStarter.app */,
			);
			name = Products;
			sourceTree = "<group>";
		};
		F151492F1FB122DA00FB07A8 /* SumerianARKitStarter */ = {
			isa = PBXGroup;
			children = (
				F15149301FB122DA00FB07A8 /* AppDelegate.swift */,
				F15149321FB122DA00FB07A8 /* ViewController.swift */,
				F15149341FB122DA00FB07A8 /* Main.storyboard */,
				F15149371FB122DA00FB07A8 /* Assets.xcassets */,
				F15149391FB122DA00FB07A8 /* LaunchScreen.storyboard */,
				F151493C1FB122DA00FB07A8 /* Info.plist */,
				F15149501FB237A200FB07A8 /* SumerianConnector.swift */,
			);
			path = SumerianARKitStarter;
			sourceTree = "<group>";
		};
/* End PBXGroup section */

/* Begin PBXNativeTarget section */
		F151492C1FB122DA00FB07A8 /* SumerianARKitStarter */ = {
			isa = PBXNativeTarget;
			buildConfigurationList = F151494A1FB122DA00FB07A8 /* Build configuration list for PBXNativeTarget "SumerianARKitStarter" */;
			buildPhases = (
				F15149291FB122DA00FB07A8 /* Sources */,
				F151492A1FB122DA00FB07A8 /* Frameworks */,
				F151492B1FB122DA00FB07A8 /* Resources */,
			);
			buildRules = (
			);
			dependencies = (
			);
			name = SumerianARKitStarter;
			productName = SumerianARKitStarter;
			productReference = F151492D1FB122DA00FB07A8 /* SumerianARKitStarter.app */;
			productType = "com.apple.product-type.application";
		};
/* End PBXNativeTarget section */

/* Begin PBXProject section */
		F15149251FB122DA00FB07A8 /* Project object */ = {
			isa = PBXProject;
			attributes = {
				LastSwiftUpdateCheck = 0900;
				LastUpgradeCheck = 0900;
				ORGANIZATIONNAME = Amazon;
				TargetAttributes = {
					F151492C1FB122DA00FB07A8 = {
						CreatedOnToolsVersion = 9.0.1;
						ProvisioningStyle = Automatic;
					};
				};
			};
			buildConfigurationList = F15149281FB122DA00FB07A8 /* Build configuration list for PBXProject "SumerianARKitStarter" */;
			compatibilityVersion = "Xcode 8.0";
			developmentRegion = en;
			hasScannedForEncodings = 0;
			knownRegions = (
				en,
				Base,
			);
			mainGroup = F15149241FB122DA00FB07A8;
			productRefGroup = F151492E1FB122DA00FB07A8 /* Products */;
			projectDirPath = "";
			projectRoot = "";
			targets = (
				F151492C1FB122DA00FB07A8 /* SumerianARKitStarter */,
			);
		};
/* End PBXProject section */

/* Begin PBXResourcesBuildPhase section */
		F151492B1FB122DA00FB07A8 /* Resources */ = {
			isa = PBXResourcesBuildPhase;
			buildActionMask = 2147483647;
			files = (
				F151493B1FB122DA00FB07A8 /* LaunchScreen.storyboard in Resources */,
				F15149381FB122DA00FB07A8 /* Assets.xcassets in Resources */,
				F15149361FB122DA00FB07A8 /* Main.storyboard in Resources */,
			);
			runOnlyForDeploymentPostprocessing = 0;
		};
/* End PBXResourcesBuildPhase section */

/* Begin PBXSourcesBuildPhase section */
		F15149291FB122DA00FB07A8 /* Sources */ = {
			isa = PBXSourcesBuildPhase;
			buildActionMask = 2147483647;
			files = (
				F15149511FB237A200FB07A8 /* SumerianConnector.swift in Sources */,
				F15149331FB122DA00FB07A8 /* ViewController.swift in Sources */,
				F15149311FB122DA00FB07A8 /* AppDelegate.swift in Sources */,
			);
			runOnlyForDeploymentPostprocessing = 0;
		};
/* End PBXSourcesBuildPhase section */

/* Begin PBXVariantGroup section */
		F15149341FB122DA00FB07A8 /* Main.storyboard */ = {
			isa = PBXVariantGroup;
			children = (
				F15149351FB122DA00FB07A8 /* Base */,
			);
			name = Main.storyboard;
			sourceTree = "<group>";
		};
		F15149391FB122DA00FB07A8 /* LaunchScreen.storyboard */ = {
			isa = PBXVariantGroup;
			children = (
				F151493A1FB122DA00FB07A8 /* Base */,
			);
			name = LaunchScreen.storyboard;
			sourceTree = "<group>";
		};
/* End PBXVariantGroup section */

/* Begin XCBuildConfiguration section */
		F15149481FB122DA00FB07A8 /* Debug */ = {
			isa = XCBuildConfiguration;
			buildSettings = {
				ALWAYS_SEARCH_USER_PATHS = NO;
				CLANG_ANALYZER_NONNULL = YES;
				CLANG_ANALYZER_NUMBER_OBJECT_CONVERSION = YES_AGGRESSIVE;
				CLANG_CXX_LANGUAGE_STANDARD = "gnu++14";
				CLANG_CXX_LIBRARY = "libc++";
				CLANG_ENABLE_MODULES = YES;
				CLANG_ENABLE_OBJC_ARC = YES;
				CLANG_WARN_BLOCK_CAPTURE_AUTORELEASING = YES;
				CLANG_WARN_BOOL_CONVERSION = YES;
				CLANG_WARN_COMMA = YES;
				CLANG_WARN_CONSTANT_CONVERSION = YES;
				CLANG_WARN_DIRECT_OBJC_ISA_USAGE = YES_ERROR;
				CLANG_WARN_DOCUMENTATION_COMMENTS = YES;
				CLANG_WARN_EMPTY_BODY = YES;
				CLANG_WARN_ENUM_CONVERSION = YES;
				CLANG_WARN_INFINITE_RECURSION = YES;
				CLANG_WARN_INT_CONVERSION = YES;
				CLANG_WARN_NON_LITERAL_NULL_CONVERSION = YES;
				CLANG_WARN_OBJC_LITERAL_CONVERSION = YES;
				CLANG_WARN_OBJC_ROOT_CLASS = YES_ERROR;
				CLANG_WARN_RANGE_LOOP_ANALYSIS = YES;
				CLANG_WARN_STRICT_PROTOTYPES = YES;
				CLANG_WARN_SUSPICIOUS_MOVE = YES;
				CLANG_WARN_UNGUARDED_AVAILABILITY = YES_AGGRESSIVE;
				CLANG_WARN_UNREACHABLE_CODE = YES;
				CLANG_WARN__DUPLICATE_METHOD_MATCH = YES;
				CODE_SIGN_IDENTITY = "iPhone Developer";
				COPY_PHASE_STRIP = NO;
				DEBUG_INFORMATION_FORMAT = dwarf;
				ENABLE_STRICT_OBJC_MSGSEND = YES;
				ENABLE_TESTABILITY = YES;
				GCC_C_LANGUAGE_STANDARD = gnu11;
				GCC_DYNAMIC_NO_PIC = NO;
				GCC_NO_COMMON_BLOCKS = YES;
				GCC_OPTIMIZATION_LEVEL = 0;
				GCC_PREPROCESSOR_DEFINITIONS = (
					"DEBUG=1",
					"$(inherited)",
				);
				GCC_WARN_64_TO_32_BIT_CONVERSION = YES;
				GCC_WARN_ABOUT_RETURN_TYPE = YES_ERROR;
				GCC_WARN_UNDECLARED_SELECTOR = YES;
				GCC_WARN_UNINITIALIZED_AUTOS = YES_AGGRESSIVE;
				GCC_WARN_UNUSED_FUNCTION = YES;
				GCC_WARN_UNUSED_VARIABLE = YES;
				IPHONEOS_DEPLOYMENT_TARGET = 11.0;
				MTL_ENABLE_DEBUG_INFO = YES;
				ONLY_ACTIVE_ARCH = YES;
				SDKROOT = iphoneos;
				SWIFT_ACTIVE_COMPILATION_CONDITIONS = DEBUG;
				SWIFT_OPTIMIZATION_LEVEL = "-Onone";
			};
			name = Debug;
		};
		F15149491FB122DA00FB07A8 /* Release */ = {
			isa = XCBuildConfiguration;
			buildSettings = {
				ALWAYS_SEARCH_USER_PATHS = NO;
				CLANG_ANALYZER_NONNULL = YES;
				CLANG_ANALYZER_NUMBER_OBJECT_CONVERSION = YES_AGGRESSIVE;
				CLANG_CXX_LANGUAGE_STANDARD = "gnu++14";
				CLANG_CXX_LIBRARY = "libc++";
				CLANG_ENABLE_MODULES = YES;
				CLANG_ENABLE_OBJC_ARC = YES;
				CLANG_WARN_BLOCK_CAPTURE_AUTORELEASING = YES;
				CLANG_WARN_BOOL_CONVERSION = YES;
				CLANG_WARN_COMMA = YES;
				CLANG_WARN_CONSTANT_CONVERSION = YES;
				CLANG_WARN_DIRECT_OBJC_ISA_USAGE = YES_ERROR;
				CLANG_WARN_DOCUMENTATION_COMMENTS = YES;
				CLANG_WARN_EMPTY_BODY = YES;
				CLANG_WARN_ENUM_CONVERSION = YES;
				CLANG_WARN_INFINITE_RECURSION = YES;
				CLANG_WARN_INT_CONVERSION = YES;
				CLANG_WARN_NON_LITERAL_NULL_CONVERSION = YES;
				CLANG_WARN_OBJC_LITERAL_CONVERSION = YES;
				CLANG_WARN_OBJC_ROOT_CLASS = YES_ERROR;
				CLANG_WARN_RANGE_LOOP_ANALYSIS = YES;
				CLANG_WARN_STRICT_PROTOTYPES = YES;
				CLANG_WARN_SUSPICIOUS_MOVE = YES;
				CLANG_WARN_UNGUARDED_AVAILABILITY = YES_AGGRESSIVE;
				CLANG_WARN_UNREACHABLE_CODE = YES;
				CLANG_WARN__DUPLICATE_METHOD_MATCH = YES;
				CODE_SIGN_IDENTITY = "iPhone Developer";
				COPY_PHASE_STRIP = NO;
				DEBUG_INFORMATION_FORMAT = "dwarf-with-dsym";
				ENABLE_NS_ASSERTIONS = NO;
				ENABLE_STRICT_OBJC_MSGSEND = YES;
				GCC_C_LANGUAGE_STANDARD = gnu11;
				GCC_NO_COMMON_BLOCKS = YES;
				GCC_WARN_64_TO_32_BIT_CONVERSION = YES;
				GCC_WARN_ABOUT_RETURN_TYPE = YES_ERROR;
				GCC_WARN_UNDECLARED_SELECTOR = YES;
				GCC_WARN_UNINITIALIZED_AUTOS = YES_AGGRESSIVE;
				GCC_WARN_UNUSED_FUNCTION = YES;
				GCC_WARN_UNUSED_VARIABLE = YES;
				IPHONEOS_DEPLOYMENT_TARGET = 11.0;
				MTL_ENABLE_DEBUG_INFO = NO;
				SDKROOT = iphoneos;
				SWIFT_OPTIMIZATION_LEVEL = "-Owholemodule";
				VALIDATE_PRODUCT = YES;
			};
			name = Release;
		};
		F151494B1FB122DA00FB07A8 /* Debug */ = {
			isa = XCBuildConfiguration;
			buildSettings = {
				ASSETCATALOG_COMPILER_APPICON_NAME = AppIcon;
				CODE_SIGN_STYLE = Automatic;
				DEVELOPMENT_TEAM = "";
				INFOPLIST_FILE = SumerianARKitStarter/Info.plist;
				LD_RUNPATH_SEARCH_PATHS = "$(inherited) @executable_path/Frameworks";
				PRODUCT_BUNDLE_IDENTIFIER = com.amazon.SumerianARKitStarter;
				PRODUCT_NAME = "$(TARGET_NAME)";
				SWIFT_VERSION = 4.0;
				TARGETED_DEVICE_FAMILY = "1,2";
			};
			name = Debug;
		};
		F151494C1FB122DA00FB07A8 /* Release */ = {
			isa = XCBuildConfiguration;
			buildSettings = {
				ASSETCATALOG_COMPILER_APPICON_NAME = AppIcon;
				CODE_SIGN_STYLE = Automatic;
				DEVELOPMENT_TEAM = "";
				INFOPLIST_FILE = SumerianARKitStarter/Info.plist;
				LD_RUNPATH_SEARCH_PATHS = "$(inherited) @executable_path/Frameworks";
				PRODUCT_BUNDLE_IDENTIFIER = com.amazon.SumerianARKitStarter;
				PRODUCT_NAME = "$(TARGET_NAME)";
				SWIFT_VERSION = 4.0;
				TARGETED_DEVICE_FAMILY = "1,2";
			};
			name = Release;
		};
/* End XCBuildConfiguration section */

/* Begin XCConfigurationList section */
		F15149281FB122DA00FB07A8 /* Build configuration list for PBXProject "SumerianARKitStarter" */ = {
			isa = XCConfigurationList;
			buildConfigurations = (
				F15149481FB122DA00FB07A8 /* Debug */,
				F15149491FB122DA00FB07A8 /* Release */,
			);
			defaultConfigurationIsVisible = 0;
			defaultConfigurationName = Release;
		};
		F151494A1FB122DA00FB07A8 /* Build configuration list for PBXNativeTarget "SumerianARKitStarter" */ = {
			isa = XCConfigurationList;
			buildConfigurations = (
				F151494B1FB122DA00FB07A8 /* Debug */,
				F151494C1FB122DA00FB07A8 /* Release */,
			);
			defaultConfigurationIsVisible = 0;
			defaultConfigurationName = Release;
		};
/* End XCConfigurationList section */
	};
	rootObject = F15149251FB122DA00FB07A8 /* Project object */;
}
